
Microsoft Visual Studio Solution File, Format Version 12.00
# Visual Studio 15
VisualStudioVersion = 15.0.28307.1585
MinimumVisualStudioVersion = 10.0.40219.1
Project("{8BC9CEB8-8B4A-11D0-8D11-00A0C91BC942}") = "laba_saod_tree_3", "laba_saod_tree_3\laba_saod_tree_3.vcxproj", "{5068D842-1A71-40CC-AF01-BD905680998F}"
EndProject
Global
	GlobalSection(SolutionConfigurationPlatforms) = preSolution
		Debug|x64 = Debug|x64
		Debug|x86 = Debug|x86
		Release|x64 = Release|x64
		Release|x86 = Release|x86
	EndGlobalSection
	GlobalSection(ProjectConfigurationPlatforms) = postSolution
		{5068D842-1A71-40CC-AF01-BD905680998F}.Debug|x64.ActiveCfg = Debug|x64
		{5068D842-1A71-40CC-AF01-BD905680998F}.Debug|x64.Build.0 = Debug|x64
		{5068D842-1A71-40CC-AF01-BD905680998F}.Debug|x86.ActiveCfg = Debug|Win32
		{5068D842-1A71-40CC-AF01-BD905680998F}.Debug|x86.Build.0 = Debug|Win32
		{5068D842-1A71-40CC-AF01-BD905680998F}.Release|x64.ActiveCfg = Release|x64
		{5068D842-1A71-40CC-AF01-BD905680998F}.Release|x64.Build.0 = Release|x64
		{5068D842-1A71-40CC-AF01-BD905680998F}.Release|x86.ActiveCfg = Release|Win32
		{5068D842-1A71-40CC-AF01-BD905680998F}.Release|x86.Build.0 = Release|Win32
	EndGlobalSection
	GlobalSection(SolutionProperties) = preSolution
		HideSolutionNode = FALSE
	EndGlobalSection
	GlobalSection(ExtensibilityGlobals) = postSolution
		SolutionGuid = {8FE06ECF-4489-4A29-B609-6282B1D3E18D}
	EndGlobalSection
EndGlobal
