
Microsoft Visual Studio Solution File, Format Version 12.00
# Visual Studio 15
VisualStudioVersion = 15.0.28307.1585
MinimumVisualStudioVersion = 10.0.40219.1
Project("{8BC9CEB8-8B4A-11D0-8D11-00A0C91BC942}") = "laba_saod_tree_2", "laba_saod_tree_2\laba_saod_tree_2.vcxproj", "{2C1B115E-99DF-461A-81E3-ECF40252778F}"
EndProject
Global
	GlobalSection(SolutionConfigurationPlatforms) = preSolution
		Debug|x64 = Debug|x64
		Debug|x86 = Debug|x86
		Release|x64 = Release|x64
		Release|x86 = Release|x86
	EndGlobalSection
	GlobalSection(ProjectConfigurationPlatforms) = postSolution
		{2C1B115E-99DF-461A-81E3-ECF40252778F}.Debug|x64.ActiveCfg = Debug|x64
		{2C1B115E-99DF-461A-81E3-ECF40252778F}.Debug|x64.Build.0 = Debug|x64
		{2C1B115E-99DF-461A-81E3-ECF40252778F}.Debug|x86.ActiveCfg = Debug|Win32
		{2C1B115E-99DF-461A-81E3-ECF40252778F}.Debug|x86.Build.0 = Debug|Win32
		{2C1B115E-99DF-461A-81E3-ECF40252778F}.Release|x64.ActiveCfg = Release|x64
		{2C1B115E-99DF-461A-81E3-ECF40252778F}.Release|x64.Build.0 = Release|x64
		{2C1B115E-99DF-461A-81E3-ECF40252778F}.Release|x86.ActiveCfg = Release|Win32
		{2C1B115E-99DF-461A-81E3-ECF40252778F}.Release|x86.Build.0 = Release|Win32
	EndGlobalSection
	GlobalSection(SolutionProperties) = preSolution
		HideSolutionNode = FALSE
	EndGlobalSection
	GlobalSection(ExtensibilityGlobals) = postSolution
		SolutionGuid = {91D0FC0C-A01E-499B-834F-CA1E5DE1E0EF}
	EndGlobalSection
EndGlobal
